// !$*UTF8*$!
{
	archiveVersion = 1;
	classes = {
	};
	objectVersion = 46;
	objects = {

/* Begin PBXBuildFile section */
		0C4B460E4B52A62D4F781964 /* Pods_AwesomeBlogs.framework in Frameworks */ = {isa = PBXBuildFile; fileRef = 5635F71856B79E55E21B06E5 /* Pods_AwesomeBlogs.framework */; };
		573195759715D367C7F079FC /* Pods_AwesomeBlogs_AwesomeBlogsUITests.framework in Frameworks */ = {isa = PBXBuildFile; fileRef = 73A3E35F6407F7C484420A27 /* Pods_AwesomeBlogs_AwesomeBlogsUITests.framework */; };
		5D0BBAC61F4EE30D0062A829 /* Delay.swift in Sources */ = {isa = PBXBuildFile; fileRef = 5D0BBAC51F4EE30D0062A829 /* Delay.swift */; };
		5D17D77F1F1E6D7D00C5D84D /* AppDelegate.swift in Sources */ = {isa = PBXBuildFile; fileRef = 5D17D77E1F1E6D7D00C5D84D /* AppDelegate.swift */; };
		5D17D7841F1E6D7D00C5D84D /* Main.storyboard in Resources */ = {isa = PBXBuildFile; fileRef = 5D17D7821F1E6D7D00C5D84D /* Main.storyboard */; };
		5D17D7861F1E6D7D00C5D84D /* Assets.xcassets in Resources */ = {isa = PBXBuildFile; fileRef = 5D17D7851F1E6D7D00C5D84D /* Assets.xcassets */; };
		5D17D7891F1E6D7D00C5D84D /* LaunchScreen.storyboard in Resources */ = {isa = PBXBuildFile; fileRef = 5D17D7871F1E6D7D00C5D84D /* LaunchScreen.storyboard */; };
		5D17D7941F1E6D7D00C5D84D /* AwesomeBlogsApiSpec.swift in Sources */ = {isa = PBXBuildFile; fileRef = 5D17D7931F1E6D7D00C5D84D /* AwesomeBlogsApiSpec.swift */; };
		5D17D79F1F1E6D7D00C5D84D /* AwesomeBlogsUITests.swift in Sources */ = {isa = PBXBuildFile; fileRef = 5D17D79E1F1E6D7D00C5D84D /* AwesomeBlogsUITests.swift */; };
		5D1B1CC81F47C48900EA6ED7 /* BlogFeedCell_Rectangle.swift in Sources */ = {isa = PBXBuildFile; fileRef = 5D1B1CC71F47C48900EA6ED7 /* BlogFeedCell_Rectangle.swift */; };
		5D1B1CCA1F49A93000EA6ED7 /* Date+Extension.swift in Sources */ = {isa = PBXBuildFile; fileRef = 5D1B1CC91F49A93000EA6ED7 /* Date+Extension.swift */; };
		5D1FF4461F264684009C863B /* MaterialLoadingIndicator.swift in Sources */ = {isa = PBXBuildFile; fileRef = 5D1FF4451F264684009C863B /* MaterialLoadingIndicator.swift */; };
		5D1FF4501F264903009C863B /* UIColor+Extension.swift in Sources */ = {isa = PBXBuildFile; fileRef = 5D1FF44F1F264903009C863B /* UIColor+Extension.swift */; };
		5D1FF4521F2651EC009C863B /* BlogsFeedReactorSpec.swift in Sources */ = {isa = PBXBuildFile; fileRef = 5D1FF4511F2651EC009C863B /* BlogsFeedReactorSpec.swift */; };
		5D1FF4541F2659AE009C863B /* BlogsFeedReactor.swift in Sources */ = {isa = PBXBuildFile; fileRef = 5D1FF4531F2659AE009C863B /* BlogsFeedReactor.swift */; };
		5D2594741F39F6DD00C49CE2 /* HaveReactor.swift in Sources */ = {isa = PBXBuildFile; fileRef = 5D2594731F39F6DD00C49CE2 /* HaveReactor.swift */; };
		5D25947C1F3A086600C49CE2 /* RxTableViewBindProtocol.swift in Sources */ = {isa = PBXBuildFile; fileRef = 5D25947B1F3A086600C49CE2 /* RxTableViewBindProtocol.swift */; };
		5D2594821F3A1E0A00C49CE2 /* RxFeedTableViewBindProtocol.swift in Sources */ = {isa = PBXBuildFile; fileRef = 5D2594811F3A1E0A00C49CE2 /* RxFeedTableViewBindProtocol.swift */; };
		5D3927121F45FB3000BE7923 /* BlogFeedCell_Circle.swift in Sources */ = {isa = PBXBuildFile; fileRef = 5D3927111F45FB3000BE7923 /* BlogFeedCell_Circle.swift */; };
		5D3927141F45FB4900BE7923 /* BlogFeedCell_Diagonal.swift in Sources */ = {isa = PBXBuildFile; fileRef = 5D3927131F45FB4900BE7923 /* BlogFeedCell_Diagonal.swift */; };
		5D3927161F45FB7000BE7923 /* BlogFeedCell_Table.swift in Sources */ = {isa = PBXBuildFile; fileRef = 5D3927151F45FB7000BE7923 /* BlogFeedCell_Table.swift */; };
		5D4AC2F31F531451005432DE /* GlobalEvent.swift in Sources */ = {isa = PBXBuildFile; fileRef = 5D4AC2F21F531451005432DE /* GlobalEvent.swift */; };
		5D4AC6021F45EBBC005B6B20 /* BlogFeedCellViewModel.swift in Sources */ = {isa = PBXBuildFile; fileRef = 5D4AC6011F45EBBC005B6B20 /* BlogFeedCellViewModel.swift */; };
		5D4AC6041F45F150005B6B20 /* BlogFeedCell_TableCell.xib in Resources */ = {isa = PBXBuildFile; fileRef = 5D4AC6031F45F150005B6B20 /* BlogFeedCell_TableCell.xib */; };
		5D4C3F031F4DA6F7001B35F4 /* MockDevBlogs.json in Resources */ = {isa = PBXBuildFile; fileRef = 5D4C3F021F4DA6F7001B35F4 /* MockDevBlogs.json */; };
		5D4C3F081F4DD2C3001B35F4 /* to-markdown.js in Resources */ = {isa = PBXBuildFile; fileRef = 5D4C3F071F4DD2C3001B35F4 /* to-markdown.js */; };
		5D5D92E01F42D2A10062631B /* BlogFeedCell_Circle.xib in Resources */ = {isa = PBXBuildFile; fileRef = 5D5D92DB1F42D2A10062631B /* BlogFeedCell_Circle.xib */; };
		5D5D92E11F42D2A10062631B /* BlogFeedCell_Diagonal.xib in Resources */ = {isa = PBXBuildFile; fileRef = 5D5D92DC1F42D2A10062631B /* BlogFeedCell_Diagonal.xib */; };
		5D5D92E21F42D2A10062631B /* BlogFeedCell_Table.xib in Resources */ = {isa = PBXBuildFile; fileRef = 5D5D92DD1F42D2A10062631B /* BlogFeedCell_Table.xib */; };
		5D5D92E31F42D2A10062631B /* BlogFeedCell.swift in Sources */ = {isa = PBXBuildFile; fileRef = 5D5D92DE1F42D2A10062631B /* BlogFeedCell.swift */; };
		5D5D92E41F42D2A10062631B /* BlogFeedCell_Rectangle.xib in Resources */ = {isa = PBXBuildFile; fileRef = 5D5D92DF1F42D2A10062631B /* BlogFeedCell_Rectangle.xib */; };
		5D5D92E91F42D5EF0062631B /* MockCompanyBlogs.json in Resources */ = {isa = PBXBuildFile; fileRef = 5D5D92E81F42D5EF0062631B /* MockCompanyBlogs.json */; };
		5D5D92EB1F42D6910062631B /* Bundle+Extension.swift in Sources */ = {isa = PBXBuildFile; fileRef = 5D5D92EA1F42D6910062631B /* Bundle+Extension.swift */; };
		5D5D92ED1F42D75A0062631B /* String+Extension.swift in Sources */ = {isa = PBXBuildFile; fileRef = 5D5D92EC1F42D75A0062631B /* String+Extension.swift */; };
		5D5D92F21F435C5D0062631B /* NSLayoutConstraint.swift in Sources */ = {isa = PBXBuildFile; fileRef = 5D5D92F11F435C5D0062631B /* NSLayoutConstraint.swift */; };
		5D6111F61F2E47A300D7F61C /* Service.swift in Sources */ = {isa = PBXBuildFile; fileRef = 5D6111F51F2E47A300D7F61C /* Service.swift */; };
		5D6111F81F2E481A00D7F61C /* RxMoya+Extension.swift in Sources */ = {isa = PBXBuildFile; fileRef = 5D6111F71F2E481A00D7F61C /* RxMoya+Extension.swift */; };
		5D65EB201F32293900D6E633 /* Quick+Extension.swift in Sources */ = {isa = PBXBuildFile; fileRef = 5D65EB1F1F32293900D6E633 /* Quick+Extension.swift */; };
		5D65EB561F33763900D6E633 /* BaseBlogFeedViewController.swift in Sources */ = {isa = PBXBuildFile; fileRef = 5D65EB551F33763900D6E633 /* BaseBlogFeedViewController.swift */; };
		5D65EB581F33768400D6E633 /* Feed.storyboard in Resources */ = {isa = PBXBuildFile; fileRef = 5D65EB571F33768400D6E633 /* Feed.storyboard */; };
		5D65EB5B1F33796F00D6E633 /* BaseNavigationViewController.swift in Sources */ = {isa = PBXBuildFile; fileRef = 5D65EB591F33796F00D6E633 /* BaseNavigationViewController.swift */; };
		5D6F89741F52C48100F4D491 /* AwesomeBlogsCacheSpec.swift in Sources */ = {isa = PBXBuildFile; fileRef = 5D6F89731F52C48100F4D491 /* AwesomeBlogsCacheSpec.swift */; };
		5D6F89761F52C66300F4D491 /* Realm+Extension.swift in Sources */ = {isa = PBXBuildFile; fileRef = 5D6F89751F52C66300F4D491 /* Realm+Extension.swift */; };
		5D6F89781F52CB6C00F4D491 /* FileManager+Extension.swift in Sources */ = {isa = PBXBuildFile; fileRef = 5D6F89771F52CB6C00F4D491 /* FileManager+Extension.swift */; };
		5D6F897A1F52D97A00F4D491 /* RealmAPI.swift in Sources */ = {isa = PBXBuildFile; fileRef = 5D6F89791F52D97A00F4D491 /* RealmAPI.swift */; };
		5D6F897E1F52DE9300F4D491 /* Feed.swift in Sources */ = {isa = PBXBuildFile; fileRef = 5D6F897D1F52DE9300F4D491 /* Feed.swift */; };
		5D6F89801F52DE9D00F4D491 /* EntryDB.swift in Sources */ = {isa = PBXBuildFile; fileRef = 5D6F897F1F52DE9D00F4D491 /* EntryDB.swift */; };
		5D6F89841F52E5EA00F4D491 /* AwsomeBlogsLocalSource.swift in Sources */ = {isa = PBXBuildFile; fileRef = 5D6F89831F52E5EA00F4D491 /* AwsomeBlogsLocalSource.swift */; };
		5D6F89861F52E60200F4D491 /* AwsomeBlogs.swift in Sources */ = {isa = PBXBuildFile; fileRef = 5D6F89851F52E60200F4D491 /* AwsomeBlogs.swift */; };
		5D6FCF3A1F4AB3F1002DCF90 /* Default-568h@2x.png in Resources */ = {isa = PBXBuildFile; fileRef = 5D6FCF391F4AB3F1002DCF90 /* Default-568h@2x.png */; };
		5D6FCF3C1F4ABF8D002DCF90 /* MainSideMenuReactorSpec.swift in Sources */ = {isa = PBXBuildFile; fileRef = 5D6FCF3B1F4ABF8D002DCF90 /* MainSideMenuReactorSpec.swift */; };
		5D6FCF541F4B424C002DCF90 /* LeftSideMenuViewController.swift in Sources */ = {isa = PBXBuildFile; fileRef = 5D6FCF531F4B424C002DCF90 /* LeftSideMenuViewController.swift */; };
		5D6FCF581F4C8F94002DCF90 /* BlogViewController.swift in Sources */ = {isa = PBXBuildFile; fileRef = 5D6FCF571F4C8F94002DCF90 /* BlogViewController.swift */; };
		5D853A9B1F49D99300A6732A /* UIStoryboard+Extension.swift in Sources */ = {isa = PBXBuildFile; fileRef = 5D853A9A1F49D99300A6732A /* UIStoryboard+Extension.swift */; };
		5D853A9E1F49DDC400A6732A /* RxTableViewCustomReloadDataSource.swift in Sources */ = {isa = PBXBuildFile; fileRef = 5D853A9D1F49DDC400A6732A /* RxTableViewCustomReloadDataSource.swift */; };
		5D853AA01F49E4A600A6732A /* MainSideMenuReactor.swift in Sources */ = {isa = PBXBuildFile; fileRef = 5D853A9F1F49E4A600A6732A /* MainSideMenuReactor.swift */; };
		5DAB859F1F1FA8F30082D5E1 /* BaseView.swift in Sources */ = {isa = PBXBuildFile; fileRef = 5DAB85901F1FA8F30082D5E1 /* BaseView.swift */; };
		5DAB85A01F1FA8F30082D5E1 /* BaseViewController.swift in Sources */ = {isa = PBXBuildFile; fileRef = 5DAB85911F1FA8F30082D5E1 /* BaseViewController.swift */; };
		5DAB85A11F1FA8F30082D5E1 /* ObjectMapper+Extension.swift in Sources */ = {isa = PBXBuildFile; fileRef = 5DAB85931F1FA8F30082D5E1 /* ObjectMapper+Extension.swift */; };
		5DAB85A21F1FA8F30082D5E1 /* Reactive+Extension.swift in Sources */ = {isa = PBXBuildFile; fileRef = 5DAB85941F1FA8F30082D5E1 /* Reactive+Extension.swift */; };
		5DAB85A31F1FA8F30082D5E1 /* UIView+Extension.swift in Sources */ = {isa = PBXBuildFile; fileRef = 5DAB85951F1FA8F30082D5E1 /* UIView+Extension.swift */; };
		5DAB85A41F1FA8F30082D5E1 /* Entry.swift in Sources */ = {isa = PBXBuildFile; fileRef = 5DAB85971F1FA8F30082D5E1 /* Entry.swift */; };
		5DAB85A51F1FA8F30082D5E1 /* Api.swift in Sources */ = {isa = PBXBuildFile; fileRef = 5DAB85991F1FA8F30082D5E1 /* Api.swift */; };
		5DAB85A61F1FA8F30082D5E1 /* AwesomeBlogsRemoteSource.swift in Sources */ = {isa = PBXBuildFile; fileRef = 5DAB859A1F1FA8F30082D5E1 /* AwesomeBlogsRemoteSource.swift */; };
		5DAB85A71F1FA8F30082D5E1 /* MainSideMenuController.swift in Sources */ = {isa = PBXBuildFile; fileRef = 5DAB859D1F1FA8F30082D5E1 /* MainSideMenuController.swift */; };
		88B7CF2BE8363D977BA59F3C /* Pods_AwesomeBlogs_AwesomeBlogsTests.framework in Frameworks */ = {isa = PBXBuildFile; fileRef = D25F9F4B23AAD9EA9FBCDB62 /* Pods_AwesomeBlogs_AwesomeBlogsTests.framework */; };
/* End PBXBuildFile section */

/* Begin PBXContainerItemProxy section */
		5D17D7901F1E6D7D00C5D84D /* PBXContainerItemProxy */ = {
			isa = PBXContainerItemProxy;
			containerPortal = 5D17D7731F1E6D7D00C5D84D /* Project object */;
			proxyType = 1;
			remoteGlobalIDString = 5D17D77A1F1E6D7D00C5D84D;
			remoteInfo = AwesomeBlogs;
		};
		5D17D79B1F1E6D7D00C5D84D /* PBXContainerItemProxy */ = {
			isa = PBXContainerItemProxy;
			containerPortal = 5D17D7731F1E6D7D00C5D84D /* Project object */;
			proxyType = 1;
			remoteGlobalIDString = 5D17D77A1F1E6D7D00C5D84D;
			remoteInfo = AwesomeBlogs;
		};
/* End PBXContainerItemProxy section */

/* Begin PBXFileReference section */
		05CE504D36870A578330A470 /* Pods-AwesomeBlogs-AwesomeBlogsTests.release.xcconfig */ = {isa = PBXFileReference; includeInIndex = 1; lastKnownFileType = text.xcconfig; name = "Pods-AwesomeBlogs-AwesomeBlogsTests.release.xcconfig"; path = "Pods/Target Support Files/Pods-AwesomeBlogs-AwesomeBlogsTests/Pods-AwesomeBlogs-AwesomeBlogsTests.release.xcconfig"; sourceTree = "<group>"; };
		0E4B2A147B07D04AF0B3D094 /* Pods-AwesomeBlogs-AwesomeBlogsTests.debug.xcconfig */ = {isa = PBXFileReference; includeInIndex = 1; lastKnownFileType = text.xcconfig; name = "Pods-AwesomeBlogs-AwesomeBlogsTests.debug.xcconfig"; path = "Pods/Target Support Files/Pods-AwesomeBlogs-AwesomeBlogsTests/Pods-AwesomeBlogs-AwesomeBlogsTests.debug.xcconfig"; sourceTree = "<group>"; };
		3464DA3AEA4EF1837196AEED /* Pods-AwesomeBlogs.release.xcconfig */ = {isa = PBXFileReference; includeInIndex = 1; lastKnownFileType = text.xcconfig; name = "Pods-AwesomeBlogs.release.xcconfig"; path = "Pods/Target Support Files/Pods-AwesomeBlogs/Pods-AwesomeBlogs.release.xcconfig"; sourceTree = "<group>"; };
		3EE23852C26AF0BC54E28F4F /* Pods-AwesomeBlogs.debug.xcconfig */ = {isa = PBXFileReference; includeInIndex = 1; lastKnownFileType = text.xcconfig; name = "Pods-AwesomeBlogs.debug.xcconfig"; path = "Pods/Target Support Files/Pods-AwesomeBlogs/Pods-AwesomeBlogs.debug.xcconfig"; sourceTree = "<group>"; };
		5635F71856B79E55E21B06E5 /* Pods_AwesomeBlogs.framework */ = {isa = PBXFileReference; explicitFileType = wrapper.framework; includeInIndex = 0; path = Pods_AwesomeBlogs.framework; sourceTree = BUILT_PRODUCTS_DIR; };
		5AC956652742F80EAA5993F0 /* Pods-AwesomeBlogs-AwesomeBlogsUITests.release.xcconfig */ = {isa = PBXFileReference; includeInIndex = 1; lastKnownFileType = text.xcconfig; name = "Pods-AwesomeBlogs-AwesomeBlogsUITests.release.xcconfig"; path = "Pods/Target Support Files/Pods-AwesomeBlogs-AwesomeBlogsUITests/Pods-AwesomeBlogs-AwesomeBlogsUITests.release.xcconfig"; sourceTree = "<group>"; };
		5BD9E3A8878B67A0F297A61F /* Pods-AwesomeBlogs-AwesomeBlogsUITests.debug.xcconfig */ = {isa = PBXFileReference; includeInIndex = 1; lastKnownFileType = text.xcconfig; name = "Pods-AwesomeBlogs-AwesomeBlogsUITests.debug.xcconfig"; path = "Pods/Target Support Files/Pods-AwesomeBlogs-AwesomeBlogsUITests/Pods-AwesomeBlogs-AwesomeBlogsUITests.debug.xcconfig"; sourceTree = "<group>"; };
		5D0BBAC51F4EE30D0062A829 /* Delay.swift */ = {isa = PBXFileReference; fileEncoding = 4; lastKnownFileType = sourcecode.swift; path = Delay.swift; sourceTree = "<group>"; };
		5D17D77B1F1E6D7D00C5D84D /* AwesomeBlogs.app */ = {isa = PBXFileReference; explicitFileType = wrapper.application; includeInIndex = 0; path = AwesomeBlogs.app; sourceTree = BUILT_PRODUCTS_DIR; };
		5D17D77E1F1E6D7D00C5D84D /* AppDelegate.swift */ = {isa = PBXFileReference; lastKnownFileType = sourcecode.swift; path = AppDelegate.swift; sourceTree = "<group>"; };
		5D17D7831F1E6D7D00C5D84D /* Base */ = {isa = PBXFileReference; lastKnownFileType = file.storyboard; name = Base; path = Base.lproj/Main.storyboard; sourceTree = "<group>"; };
		5D17D7851F1E6D7D00C5D84D /* Assets.xcassets */ = {isa = PBXFileReference; lastKnownFileType = folder.assetcatalog; path = Assets.xcassets; sourceTree = "<group>"; };
		5D17D7881F1E6D7D00C5D84D /* Base */ = {isa = PBXFileReference; lastKnownFileType = file.storyboard; name = Base; path = Base.lproj/LaunchScreen.storyboard; sourceTree = "<group>"; };
		5D17D78A1F1E6D7D00C5D84D /* Info.plist */ = {isa = PBXFileReference; lastKnownFileType = text.plist.xml; path = Info.plist; sourceTree = "<group>"; };
		5D17D78F1F1E6D7D00C5D84D /* AwesomeBlogsTests.xctest */ = {isa = PBXFileReference; explicitFileType = wrapper.cfbundle; includeInIndex = 0; path = AwesomeBlogsTests.xctest; sourceTree = BUILT_PRODUCTS_DIR; };
		5D17D7931F1E6D7D00C5D84D /* AwesomeBlogsApiSpec.swift */ = {isa = PBXFileReference; lastKnownFileType = sourcecode.swift; path = AwesomeBlogsApiSpec.swift; sourceTree = "<group>"; };
		5D17D7951F1E6D7D00C5D84D /* Info.plist */ = {isa = PBXFileReference; lastKnownFileType = text.plist.xml; path = Info.plist; sourceTree = "<group>"; };
		5D17D79A1F1E6D7D00C5D84D /* AwesomeBlogsUITests.xctest */ = {isa = PBXFileReference; explicitFileType = wrapper.cfbundle; includeInIndex = 0; path = AwesomeBlogsUITests.xctest; sourceTree = BUILT_PRODUCTS_DIR; };
		5D17D79E1F1E6D7D00C5D84D /* AwesomeBlogsUITests.swift */ = {isa = PBXFileReference; lastKnownFileType = sourcecode.swift; path = AwesomeBlogsUITests.swift; sourceTree = "<group>"; };
		5D17D7A01F1E6D7D00C5D84D /* Info.plist */ = {isa = PBXFileReference; lastKnownFileType = text.plist.xml; path = Info.plist; sourceTree = "<group>"; };
		5D1B1CC71F47C48900EA6ED7 /* BlogFeedCell_Rectangle.swift */ = {isa = PBXFileReference; fileEncoding = 4; lastKnownFileType = sourcecode.swift; path = BlogFeedCell_Rectangle.swift; sourceTree = "<group>"; };
		5D1B1CC91F49A93000EA6ED7 /* Date+Extension.swift */ = {isa = PBXFileReference; fileEncoding = 4; lastKnownFileType = sourcecode.swift; path = "Date+Extension.swift"; sourceTree = "<group>"; };
		5D1FF4451F264684009C863B /* MaterialLoadingIndicator.swift */ = {isa = PBXFileReference; fileEncoding = 4; lastKnownFileType = sourcecode.swift; path = MaterialLoadingIndicator.swift; sourceTree = "<group>"; };
		5D1FF44F1F264903009C863B /* UIColor+Extension.swift */ = {isa = PBXFileReference; fileEncoding = 4; lastKnownFileType = sourcecode.swift; path = "UIColor+Extension.swift"; sourceTree = "<group>"; };
		5D1FF4511F2651EC009C863B /* BlogsFeedReactorSpec.swift */ = {isa = PBXFileReference; fileEncoding = 4; lastKnownFileType = sourcecode.swift; path = BlogsFeedReactorSpec.swift; sourceTree = "<group>"; };
		5D1FF4531F2659AE009C863B /* BlogsFeedReactor.swift */ = {isa = PBXFileReference; fileEncoding = 4; lastKnownFileType = sourcecode.swift; path = BlogsFeedReactor.swift; sourceTree = "<group>"; };
		5D2594731F39F6DD00C49CE2 /* HaveReactor.swift */ = {isa = PBXFileReference; fileEncoding = 4; lastKnownFileType = sourcecode.swift; path = HaveReactor.swift; sourceTree = "<group>"; };
		5D25947B1F3A086600C49CE2 /* RxTableViewBindProtocol.swift */ = {isa = PBXFileReference; fileEncoding = 4; lastKnownFileType = sourcecode.swift; path = RxTableViewBindProtocol.swift; sourceTree = "<group>"; };
		5D2594811F3A1E0A00C49CE2 /* RxFeedTableViewBindProtocol.swift */ = {isa = PBXFileReference; fileEncoding = 4; lastKnownFileType = sourcecode.swift; path = RxFeedTableViewBindProtocol.swift; sourceTree = "<group>"; };
		5D3927111F45FB3000BE7923 /* BlogFeedCell_Circle.swift */ = {isa = PBXFileReference; fileEncoding = 4; lastKnownFileType = sourcecode.swift; path = BlogFeedCell_Circle.swift; sourceTree = "<group>"; };
		5D3927131F45FB4900BE7923 /* BlogFeedCell_Diagonal.swift */ = {isa = PBXFileReference; fileEncoding = 4; lastKnownFileType = sourcecode.swift; path = BlogFeedCell_Diagonal.swift; sourceTree = "<group>"; };
		5D3927151F45FB7000BE7923 /* BlogFeedCell_Table.swift */ = {isa = PBXFileReference; fileEncoding = 4; lastKnownFileType = sourcecode.swift; path = BlogFeedCell_Table.swift; sourceTree = "<group>"; };
		5D4AC2F21F531451005432DE /* GlobalEvent.swift */ = {isa = PBXFileReference; fileEncoding = 4; lastKnownFileType = sourcecode.swift; path = GlobalEvent.swift; sourceTree = "<group>"; };
		5D4AC6011F45EBBC005B6B20 /* BlogFeedCellViewModel.swift */ = {isa = PBXFileReference; fileEncoding = 4; lastKnownFileType = sourcecode.swift; path = BlogFeedCellViewModel.swift; sourceTree = "<group>"; };
		5D4AC6031F45F150005B6B20 /* BlogFeedCell_TableCell.xib */ = {isa = PBXFileReference; fileEncoding = 4; lastKnownFileType = file.xib; path = BlogFeedCell_TableCell.xib; sourceTree = "<group>"; };
		5D4C3F021F4DA6F7001B35F4 /* MockDevBlogs.json */ = {isa = PBXFileReference; fileEncoding = 4; lastKnownFileType = text.json; path = MockDevBlogs.json; sourceTree = "<group>"; };
		5D4C3F071F4DD2C3001B35F4 /* to-markdown.js */ = {isa = PBXFileReference; fileEncoding = 4; lastKnownFileType = sourcecode.javascript; path = "to-markdown.js"; sourceTree = "<group>"; };
		5D5D92DB1F42D2A10062631B /* BlogFeedCell_Circle.xib */ = {isa = PBXFileReference; fileEncoding = 4; lastKnownFileType = file.xib; path = BlogFeedCell_Circle.xib; sourceTree = "<group>"; };
		5D5D92DC1F42D2A10062631B /* BlogFeedCell_Diagonal.xib */ = {isa = PBXFileReference; fileEncoding = 4; lastKnownFileType = file.xib; path = BlogFeedCell_Diagonal.xib; sourceTree = "<group>"; };
		5D5D92DD1F42D2A10062631B /* BlogFeedCell_Table.xib */ = {isa = PBXFileReference; fileEncoding = 4; lastKnownFileType = file.xib; path = BlogFeedCell_Table.xib; sourceTree = "<group>"; };
		5D5D92DE1F42D2A10062631B /* BlogFeedCell.swift */ = {isa = PBXFileReference; fileEncoding = 4; lastKnownFileType = sourcecode.swift; path = BlogFeedCell.swift; sourceTree = "<group>"; };
		5D5D92DF1F42D2A10062631B /* BlogFeedCell_Rectangle.xib */ = {isa = PBXFileReference; fileEncoding = 4; lastKnownFileType = file.xib; path = BlogFeedCell_Rectangle.xib; sourceTree = "<group>"; };
		5D5D92E81F42D5EF0062631B /* MockCompanyBlogs.json */ = {isa = PBXFileReference; fileEncoding = 4; lastKnownFileType = text.json; path = MockCompanyBlogs.json; sourceTree = "<group>"; };
		5D5D92EA1F42D6910062631B /* Bundle+Extension.swift */ = {isa = PBXFileReference; fileEncoding = 4; lastKnownFileType = sourcecode.swift; path = "Bundle+Extension.swift"; sourceTree = "<group>"; };
		5D5D92EC1F42D75A0062631B /* String+Extension.swift */ = {isa = PBXFileReference; fileEncoding = 4; lastKnownFileType = sourcecode.swift; path = "String+Extension.swift"; sourceTree = "<group>"; };
		5D5D92F11F435C5D0062631B /* NSLayoutConstraint.swift */ = {isa = PBXFileReference; fileEncoding = 4; lastKnownFileType = sourcecode.swift; path = NSLayoutConstraint.swift; sourceTree = "<group>"; };
		5D6111F51F2E47A300D7F61C /* Service.swift */ = {isa = PBXFileReference; fileEncoding = 4; lastKnownFileType = sourcecode.swift; path = Service.swift; sourceTree = "<group>"; };
		5D6111F71F2E481A00D7F61C /* RxMoya+Extension.swift */ = {isa = PBXFileReference; fileEncoding = 4; lastKnownFileType = sourcecode.swift; path = "RxMoya+Extension.swift"; sourceTree = "<group>"; };
		5D65EB1F1F32293900D6E633 /* Quick+Extension.swift */ = {isa = PBXFileReference; fileEncoding = 4; lastKnownFileType = sourcecode.swift; path = "Quick+Extension.swift"; sourceTree = "<group>"; };
		5D65EB551F33763900D6E633 /* BaseBlogFeedViewController.swift */ = {isa = PBXFileReference; fileEncoding = 4; lastKnownFileType = sourcecode.swift; path = BaseBlogFeedViewController.swift; sourceTree = "<group>"; };
		5D65EB571F33768400D6E633 /* Feed.storyboard */ = {isa = PBXFileReference; fileEncoding = 4; lastKnownFileType = file.storyboard; path = Feed.storyboard; sourceTree = "<group>"; };
		5D65EB591F33796F00D6E633 /* BaseNavigationViewController.swift */ = {isa = PBXFileReference; fileEncoding = 4; lastKnownFileType = sourcecode.swift; path = BaseNavigationViewController.swift; sourceTree = "<group>"; };
		5D6F89731F52C48100F4D491 /* AwesomeBlogsCacheSpec.swift */ = {isa = PBXFileReference; fileEncoding = 4; lastKnownFileType = sourcecode.swift; path = AwesomeBlogsCacheSpec.swift; sourceTree = "<group>"; };
		5D6F89751F52C66300F4D491 /* Realm+Extension.swift */ = {isa = PBXFileReference; fileEncoding = 4; lastKnownFileType = sourcecode.swift; path = "Realm+Extension.swift"; sourceTree = "<group>"; };
		5D6F89771F52CB6C00F4D491 /* FileManager+Extension.swift */ = {isa = PBXFileReference; fileEncoding = 4; lastKnownFileType = sourcecode.swift; path = "FileManager+Extension.swift"; sourceTree = "<group>"; };
		5D6F89791F52D97A00F4D491 /* RealmAPI.swift */ = {isa = PBXFileReference; fileEncoding = 4; lastKnownFileType = sourcecode.swift; path = RealmAPI.swift; sourceTree = "<group>"; };
		5D6F897D1F52DE9300F4D491 /* Feed.swift */ = {isa = PBXFileReference; fileEncoding = 4; lastKnownFileType = sourcecode.swift; path = Feed.swift; sourceTree = "<group>"; };
		5D6F897F1F52DE9D00F4D491 /* EntryDB.swift */ = {isa = PBXFileReference; fileEncoding = 4; lastKnownFileType = sourcecode.swift; path = EntryDB.swift; sourceTree = "<group>"; };
		5D6F89831F52E5EA00F4D491 /* AwsomeBlogsLocalSource.swift */ = {isa = PBXFileReference; fileEncoding = 4; lastKnownFileType = sourcecode.swift; path = AwsomeBlogsLocalSource.swift; sourceTree = "<group>"; };
		5D6F89851F52E60200F4D491 /* AwsomeBlogs.swift */ = {isa = PBXFileReference; fileEncoding = 4; lastKnownFileType = sourcecode.swift; path = AwsomeBlogs.swift; sourceTree = "<group>"; };
		5D6FCF391F4AB3F1002DCF90 /* Default-568h@2x.png */ = {isa = PBXFileReference; lastKnownFileType = image.png; path = "Default-568h@2x.png"; sourceTree = "<group>"; };
		5D6FCF3B1F4ABF8D002DCF90 /* MainSideMenuReactorSpec.swift */ = {isa = PBXFileReference; fileEncoding = 4; lastKnownFileType = sourcecode.swift; path = MainSideMenuReactorSpec.swift; sourceTree = "<group>"; };
		5D6FCF531F4B424C002DCF90 /* LeftSideMenuViewController.swift */ = {isa = PBXFileReference; fileEncoding = 4; lastKnownFileType = sourcecode.swift; path = LeftSideMenuViewController.swift; sourceTree = "<group>"; };
		5D6FCF571F4C8F94002DCF90 /* BlogViewController.swift */ = {isa = PBXFileReference; fileEncoding = 4; lastKnownFileType = sourcecode.swift; path = BlogViewController.swift; sourceTree = "<group>"; };
		5D853A9A1F49D99300A6732A /* UIStoryboard+Extension.swift */ = {isa = PBXFileReference; fileEncoding = 4; lastKnownFileType = sourcecode.swift; path = "UIStoryboard+Extension.swift"; sourceTree = "<group>"; };
		5D853A9D1F49DDC400A6732A /* RxTableViewCustomReloadDataSource.swift */ = {isa = PBXFileReference; fileEncoding = 4; lastKnownFileType = sourcecode.swift; path = RxTableViewCustomReloadDataSource.swift; sourceTree = "<group>"; };
		5D853A9F1F49E4A600A6732A /* MainSideMenuReactor.swift */ = {isa = PBXFileReference; fileEncoding = 4; lastKnownFileType = sourcecode.swift; path = MainSideMenuReactor.swift; sourceTree = "<group>"; };
		5DAB85901F1FA8F30082D5E1 /* BaseView.swift */ = {isa = PBXFileReference; fileEncoding = 4; lastKnownFileType = sourcecode.swift; path = BaseView.swift; sourceTree = "<group>"; };
		5DAB85911F1FA8F30082D5E1 /* BaseViewController.swift */ = {isa = PBXFileReference; fileEncoding = 4; lastKnownFileType = sourcecode.swift; path = BaseViewController.swift; sourceTree = "<group>"; };
		5DAB85931F1FA8F30082D5E1 /* ObjectMapper+Extension.swift */ = {isa = PBXFileReference; fileEncoding = 4; lastKnownFileType = sourcecode.swift; path = "ObjectMapper+Extension.swift"; sourceTree = "<group>"; };
		5DAB85941F1FA8F30082D5E1 /* Reactive+Extension.swift */ = {isa = PBXFileReference; fileEncoding = 4; lastKnownFileType = sourcecode.swift; path = "Reactive+Extension.swift"; sourceTree = "<group>"; };
		5DAB85951F1FA8F30082D5E1 /* UIView+Extension.swift */ = {isa = PBXFileReference; fileEncoding = 4; lastKnownFileType = sourcecode.swift; path = "UIView+Extension.swift"; sourceTree = "<group>"; };
		5DAB85971F1FA8F30082D5E1 /* Entry.swift */ = {isa = PBXFileReference; fileEncoding = 4; lastKnownFileType = sourcecode.swift; path = Entry.swift; sourceTree = "<group>"; };
		5DAB85991F1FA8F30082D5E1 /* Api.swift */ = {isa = PBXFileReference; fileEncoding = 4; lastKnownFileType = sourcecode.swift; path = Api.swift; sourceTree = "<group>"; };
		5DAB859A1F1FA8F30082D5E1 /* AwesomeBlogsRemoteSource.swift */ = {isa = PBXFileReference; fileEncoding = 4; lastKnownFileType = sourcecode.swift; path = AwesomeBlogsRemoteSource.swift; sourceTree = "<group>"; };
		5DAB859D1F1FA8F30082D5E1 /* MainSideMenuController.swift */ = {isa = PBXFileReference; fileEncoding = 4; lastKnownFileType = sourcecode.swift; path = MainSideMenuController.swift; sourceTree = "<group>"; };
		73A3E35F6407F7C484420A27 /* Pods_AwesomeBlogs_AwesomeBlogsUITests.framework */ = {isa = PBXFileReference; explicitFileType = wrapper.framework; includeInIndex = 0; path = Pods_AwesomeBlogs_AwesomeBlogsUITests.framework; sourceTree = BUILT_PRODUCTS_DIR; };
		D25F9F4B23AAD9EA9FBCDB62 /* Pods_AwesomeBlogs_AwesomeBlogsTests.framework */ = {isa = PBXFileReference; explicitFileType = wrapper.framework; includeInIndex = 0; path = Pods_AwesomeBlogs_AwesomeBlogsTests.framework; sourceTree = BUILT_PRODUCTS_DIR; };
/* End PBXFileReference section */

/* Begin PBXFrameworksBuildPhase section */
		5D17D7781F1E6D7D00C5D84D /* Frameworks */ = {
			isa = PBXFrameworksBuildPhase;
			buildActionMask = 2147483647;
			files = (
				0C4B460E4B52A62D4F781964 /* Pods_AwesomeBlogs.framework in Frameworks */,
			);
			runOnlyForDeploymentPostprocessing = 0;
		};
		5D17D78C1F1E6D7D00C5D84D /* Frameworks */ = {
			isa = PBXFrameworksBuildPhase;
			buildActionMask = 2147483647;
			files = (
				88B7CF2BE8363D977BA59F3C /* Pods_AwesomeBlogs_AwesomeBlogsTests.framework in Frameworks */,
			);
			runOnlyForDeploymentPostprocessing = 0;
		};
		5D17D7971F1E6D7D00C5D84D /* Frameworks */ = {
			isa = PBXFrameworksBuildPhase;
			buildActionMask = 2147483647;
			files = (
				573195759715D367C7F079FC /* Pods_AwesomeBlogs_AwesomeBlogsUITests.framework in Frameworks */,
			);
			runOnlyForDeploymentPostprocessing = 0;
		};
/* End PBXFrameworksBuildPhase section */

/* Begin PBXGroup section */
		5D17D7721F1E6D7D00C5D84D = {
			isa = PBXGroup;
			children = (
				5D6FCF391F4AB3F1002DCF90 /* Default-568h@2x.png */,
				5D17D77D1F1E6D7D00C5D84D /* AwesomeBlogs */,
				5D17D7921F1E6D7D00C5D84D /* AwesomeBlogsTests */,
				5D17D79D1F1E6D7D00C5D84D /* AwesomeBlogsUITests */,
				5D17D77C1F1E6D7D00C5D84D /* Products */,
				8EE31AF5D0801DCDADE9F32F /* Pods */,
				6B5DD7D10BFE59663818CCB7 /* Frameworks */,
			);
			sourceTree = "<group>";
		};
		5D17D77C1F1E6D7D00C5D84D /* Products */ = {
			isa = PBXGroup;
			children = (
				5D17D77B1F1E6D7D00C5D84D /* AwesomeBlogs.app */,
				5D17D78F1F1E6D7D00C5D84D /* AwesomeBlogsTests.xctest */,
				5D17D79A1F1E6D7D00C5D84D /* AwesomeBlogsUITests.xctest */,
			);
			name = Products;
			sourceTree = "<group>";
		};
		5D17D77D1F1E6D7D00C5D84D /* AwesomeBlogs */ = {
			isa = PBXGroup;
			children = (
				5D17D77E1F1E6D7D00C5D84D /* AppDelegate.swift */,
				5DAB858E1F1FA8F30082D5E1 /* Source */,
				5D17D7871F1E6D7D00C5D84D /* LaunchScreen.storyboard */,
				5D17D7851F1E6D7D00C5D84D /* Assets.xcassets */,
				5D17D78A1F1E6D7D00C5D84D /* Info.plist */,
			);
			path = AwesomeBlogs;
			sourceTree = "<group>";
		};
		5D17D7921F1E6D7D00C5D84D /* AwesomeBlogsTests */ = {
			isa = PBXGroup;
			children = (
				5D65EB1F1F32293900D6E633 /* Quick+Extension.swift */,
				5D17D7931F1E6D7D00C5D84D /* AwesomeBlogsApiSpec.swift */,
				5D6F89731F52C48100F4D491 /* AwesomeBlogsCacheSpec.swift */,
				5D1FF4511F2651EC009C863B /* BlogsFeedReactorSpec.swift */,
				5D6FCF3B1F4ABF8D002DCF90 /* MainSideMenuReactorSpec.swift */,
				5D17D7951F1E6D7D00C5D84D /* Info.plist */,
			);
			path = AwesomeBlogsTests;
			sourceTree = "<group>";
		};
		5D17D79D1F1E6D7D00C5D84D /* AwesomeBlogsUITests */ = {
			isa = PBXGroup;
			children = (
				5D17D79E1F1E6D7D00C5D84D /* AwesomeBlogsUITests.swift */,
				5D17D7A01F1E6D7D00C5D84D /* Info.plist */,
			);
			path = AwesomeBlogsUITests;
			sourceTree = "<group>";
		};
		5D1FF4441F264675009C863B /* Common */ = {
			isa = PBXGroup;
			children = (
				5D1FF4451F264684009C863B /* MaterialLoadingIndicator.swift */,
				5D0BBAC51F4EE30D0062A829 /* Delay.swift */,
			);
			name = Common;
			sourceTree = "<group>";
		};
		5D2594781F3A051B00C49CE2 /* BlogFeed */ = {
			isa = PBXGroup;
			children = (
				5D65EB571F33768400D6E633 /* Feed.storyboard */,
				5D1FF4531F2659AE009C863B /* BlogsFeedReactor.swift */,
				5D65EB551F33763900D6E633 /* BaseBlogFeedViewController.swift */,
				5D6FCF571F4C8F94002DCF90 /* BlogViewController.swift */,
			);
			name = BlogFeed;
			sourceTree = "<group>";
		};
		5D4C3F061F4DD2C3001B35F4 /* JavaScript */ = {
			isa = PBXGroup;
			children = (
				5D4C3F071F4DD2C3001B35F4 /* to-markdown.js */,
			);
			path = JavaScript;
			sourceTree = "<group>";
		};
		5D5D92E71F42D5DA0062631B /* MockJson */ = {
			isa = PBXGroup;
			children = (
				5D4C3F021F4DA6F7001B35F4 /* MockDevBlogs.json */,
				5D5D92E81F42D5EF0062631B /* MockCompanyBlogs.json */,
			);
			name = MockJson;
			sourceTree = "<group>";
		};
		5D65EB5D1F337A1900D6E633 /* Protocol */ = {
			isa = PBXGroup;
			children = (
				5D2594731F39F6DD00C49CE2 /* HaveReactor.swift */,
				5D25947B1F3A086600C49CE2 /* RxTableViewBindProtocol.swift */,
				5D2594811F3A1E0A00C49CE2 /* RxFeedTableViewBindProtocol.swift */,
			);
			name = Protocol;
			sourceTree = "<group>";
		};
		5D6F897C1F52DE8800F4D491 /* RealmObject */ = {
			isa = PBXGroup;
			children = (
				5D6F897D1F52DE9300F4D491 /* Feed.swift */,
				5D6F897F1F52DE9D00F4D491 /* EntryDB.swift */,
			);
			name = RealmObject;
			sourceTree = "<group>";
		};
		5DAB858E1F1FA8F30082D5E1 /* Source */ = {
			isa = PBXGroup;
			children = (
				5DAB858F1F1FA8F30082D5E1 /* Base */,
				5DAB85921F1FA8F30082D5E1 /* Extension */,
				5DAB85961F1FA8F30082D5E1 /* Models */,
				5DAB85981F1FA8F30082D5E1 /* Networking */,
				5DAB859B1F1FA8F30082D5E1 /* Utils */,
				5DAB859C1F1FA8F30082D5E1 /* ViewControllers */,
				5DAB859E1F1FA8F30082D5E1 /* Views */,
			);
			path = Source;
			sourceTree = "<group>";
		};
		5DAB858F1F1FA8F30082D5E1 /* Base */ = {
			isa = PBXGroup;
			children = (
				5D65EB5D1F337A1900D6E633 /* Protocol */,
				5D1FF4441F264675009C863B /* Common */,
				5D6111F51F2E47A300D7F61C /* Service.swift */,
				5D4AC2F21F531451005432DE /* GlobalEvent.swift */,
				5DAB85901F1FA8F30082D5E1 /* BaseView.swift */,
				5DAB85911F1FA8F30082D5E1 /* BaseViewController.swift */,
				5D65EB591F33796F00D6E633 /* BaseNavigationViewController.swift */,
			);
			path = Base;
			sourceTree = "<group>";
		};
		5DAB85921F1FA8F30082D5E1 /* Extension */ = {
			isa = PBXGroup;
			children = (
				5DAB85931F1FA8F30082D5E1 /* ObjectMapper+Extension.swift */,
				5DAB85941F1FA8F30082D5E1 /* Reactive+Extension.swift */,
				5DAB85951F1FA8F30082D5E1 /* UIView+Extension.swift */,
				5D1FF44F1F264903009C863B /* UIColor+Extension.swift */,
				5D6111F71F2E481A00D7F61C /* RxMoya+Extension.swift */,
				5D5D92EA1F42D6910062631B /* Bundle+Extension.swift */,
				5D5D92EC1F42D75A0062631B /* String+Extension.swift */,
				5D5D92F11F435C5D0062631B /* NSLayoutConstraint.swift */,
				5D1B1CC91F49A93000EA6ED7 /* Date+Extension.swift */,
				5D853A9A1F49D99300A6732A /* UIStoryboard+Extension.swift */,
				5D853A9D1F49DDC400A6732A /* RxTableViewCustomReloadDataSource.swift */,
				5D6F89751F52C66300F4D491 /* Realm+Extension.swift */,
				5D6F89771F52CB6C00F4D491 /* FileManager+Extension.swift */,
				5D6F89791F52D97A00F4D491 /* RealmAPI.swift */,
			);
			path = Extension;
			sourceTree = "<group>";
		};
		5DAB85961F1FA8F30082D5E1 /* Models */ = {
			isa = PBXGroup;
			children = (
				5D6F897C1F52DE8800F4D491 /* RealmObject */,
				5DAB85971F1FA8F30082D5E1 /* Entry.swift */,
			);
			path = Models;
			sourceTree = "<group>";
		};
		5DAB85981F1FA8F30082D5E1 /* Networking */ = {
			isa = PBXGroup;
			children = (
				5D5D92E71F42D5DA0062631B /* MockJson */,
				5DAB85991F1FA8F30082D5E1 /* Api.swift */,
				5D6F89851F52E60200F4D491 /* AwsomeBlogs.swift */,
				5D6F89831F52E5EA00F4D491 /* AwsomeBlogsLocalSource.swift */,
				5DAB859A1F1FA8F30082D5E1 /* AwesomeBlogsRemoteSource.swift */,
			);
			path = Networking;
			sourceTree = "<group>";
		};
		5DAB859B1F1FA8F30082D5E1 /* Utils */ = {
			isa = PBXGroup;
			children = (
				5D4C3F061F4DD2C3001B35F4 /* JavaScript */,
			);
			path = Utils;
			sourceTree = "<group>";
		};
		5DAB859C1F1FA8F30082D5E1 /* ViewControllers */ = {
			isa = PBXGroup;
			children = (
				5D2594781F3A051B00C49CE2 /* BlogFeed */,
				5D17D7821F1E6D7D00C5D84D /* Main.storyboard */,
				5D853A9F1F49E4A600A6732A /* MainSideMenuReactor.swift */,
				5DAB859D1F1FA8F30082D5E1 /* MainSideMenuController.swift */,
				5D6FCF531F4B424C002DCF90 /* LeftSideMenuViewController.swift */,
			);
			path = ViewControllers;
			sourceTree = "<group>";
		};
		5DAB859E1F1FA8F30082D5E1 /* Views */ = {
			isa = PBXGroup;
			children = (
				5D4AC6011F45EBBC005B6B20 /* BlogFeedCellViewModel.swift */,
				5D5D92DF1F42D2A10062631B /* BlogFeedCell_Rectangle.xib */,
				5D1B1CC71F47C48900EA6ED7 /* BlogFeedCell_Rectangle.swift */,
				5D4AC6031F45F150005B6B20 /* BlogFeedCell_TableCell.xib */,
				5D5D92DE1F42D2A10062631B /* BlogFeedCell.swift */,
				5D5D92DB1F42D2A10062631B /* BlogFeedCell_Circle.xib */,
				5D3927111F45FB3000BE7923 /* BlogFeedCell_Circle.swift */,
				5D5D92DC1F42D2A10062631B /* BlogFeedCell_Diagonal.xib */,
				5D3927131F45FB4900BE7923 /* BlogFeedCell_Diagonal.swift */,
				5D5D92DD1F42D2A10062631B /* BlogFeedCell_Table.xib */,
				5D3927151F45FB7000BE7923 /* BlogFeedCell_Table.swift */,
			);
			path = Views;
			sourceTree = "<group>";
		};
		6B5DD7D10BFE59663818CCB7 /* Frameworks */ = {
			isa = PBXGroup;
			children = (
				5635F71856B79E55E21B06E5 /* Pods_AwesomeBlogs.framework */,
				D25F9F4B23AAD9EA9FBCDB62 /* Pods_AwesomeBlogs_AwesomeBlogsTests.framework */,
				73A3E35F6407F7C484420A27 /* Pods_AwesomeBlogs_AwesomeBlogsUITests.framework */,
			);
			name = Frameworks;
			sourceTree = "<group>";
		};
		8EE31AF5D0801DCDADE9F32F /* Pods */ = {
			isa = PBXGroup;
			children = (
				3EE23852C26AF0BC54E28F4F /* Pods-AwesomeBlogs.debug.xcconfig */,
				3464DA3AEA4EF1837196AEED /* Pods-AwesomeBlogs.release.xcconfig */,
				0E4B2A147B07D04AF0B3D094 /* Pods-AwesomeBlogs-AwesomeBlogsTests.debug.xcconfig */,
				05CE504D36870A578330A470 /* Pods-AwesomeBlogs-AwesomeBlogsTests.release.xcconfig */,
				5BD9E3A8878B67A0F297A61F /* Pods-AwesomeBlogs-AwesomeBlogsUITests.debug.xcconfig */,
				5AC956652742F80EAA5993F0 /* Pods-AwesomeBlogs-AwesomeBlogsUITests.release.xcconfig */,
			);
			name = Pods;
			sourceTree = "<group>";
		};
/* End PBXGroup section */

/* Begin PBXNativeTarget section */
		5D17D77A1F1E6D7D00C5D84D /* AwesomeBlogs */ = {
			isa = PBXNativeTarget;
			buildConfigurationList = 5D17D7A31F1E6D7D00C5D84D /* Build configuration list for PBXNativeTarget "AwesomeBlogs" */;
			buildPhases = (
				7B2B9CBC35BF932DCA53CF0B /* [CP] Check Pods Manifest.lock */,
				5D17D7771F1E6D7D00C5D84D /* Sources */,
				5D17D7781F1E6D7D00C5D84D /* Frameworks */,
				5D17D7791F1E6D7D00C5D84D /* Resources */,
				968311645CF7A71D0A36A159 /* [CP] Embed Pods Frameworks */,
				38BE5536088F2021AA88528D /* [CP] Copy Pods Resources */,
			);
			buildRules = (
			);
			dependencies = (
			);
			name = AwesomeBlogs;
			productName = AwesomeBlogs;
			productReference = 5D17D77B1F1E6D7D00C5D84D /* AwesomeBlogs.app */;
			productType = "com.apple.product-type.application";
		};
		5D17D78E1F1E6D7D00C5D84D /* AwesomeBlogsTests */ = {
			isa = PBXNativeTarget;
			buildConfigurationList = 5D17D7A61F1E6D7D00C5D84D /* Build configuration list for PBXNativeTarget "AwesomeBlogsTests" */;
			buildPhases = (
				DF364B088C03906FB2AF564B /* [CP] Check Pods Manifest.lock */,
				5D17D78B1F1E6D7D00C5D84D /* Sources */,
				5D17D78C1F1E6D7D00C5D84D /* Frameworks */,
				5D17D78D1F1E6D7D00C5D84D /* Resources */,
				18780BD950288C072A46DBFE /* [CP] Embed Pods Frameworks */,
				5841A83F8B52F0BA30501B95 /* [CP] Copy Pods Resources */,
			);
			buildRules = (
			);
			dependencies = (
				5D17D7911F1E6D7D00C5D84D /* PBXTargetDependency */,
			);
			name = AwesomeBlogsTests;
			productName = AwesomeBlogsTests;
			productReference = 5D17D78F1F1E6D7D00C5D84D /* AwesomeBlogsTests.xctest */;
			productType = "com.apple.product-type.bundle.unit-test";
		};
		5D17D7991F1E6D7D00C5D84D /* AwesomeBlogsUITests */ = {
			isa = PBXNativeTarget;
			buildConfigurationList = 5D17D7A91F1E6D7D00C5D84D /* Build configuration list for PBXNativeTarget "AwesomeBlogsUITests" */;
			buildPhases = (
				715B31174B25B94DD1CC2679 /* [CP] Check Pods Manifest.lock */,
				5D17D7961F1E6D7D00C5D84D /* Sources */,
				5D17D7971F1E6D7D00C5D84D /* Frameworks */,
				5D17D7981F1E6D7D00C5D84D /* Resources */,
				E87AE9894029A61CE4EB34AD /* [CP] Embed Pods Frameworks */,
				D55554459FD3A2F61D98EEC0 /* [CP] Copy Pods Resources */,
			);
			buildRules = (
			);
			dependencies = (
				5D17D79C1F1E6D7D00C5D84D /* PBXTargetDependency */,
			);
			name = AwesomeBlogsUITests;
			productName = AwesomeBlogsUITests;
			productReference = 5D17D79A1F1E6D7D00C5D84D /* AwesomeBlogsUITests.xctest */;
			productType = "com.apple.product-type.bundle.ui-testing";
		};
/* End PBXNativeTarget section */

/* Begin PBXProject section */
		5D17D7731F1E6D7D00C5D84D /* Project object */ = {
			isa = PBXProject;
			attributes = {
				LastSwiftUpdateCheck = 0830;
				LastUpgradeCheck = 0830;
				ORGANIZATIONNAME = wade.hawk;
				TargetAttributes = {
					5D17D77A1F1E6D7D00C5D84D = {
						CreatedOnToolsVersion = 8.3.3;
						DevelopmentTeam = RNR9A42JW9;
						ProvisioningStyle = Automatic;
					};
					5D17D78E1F1E6D7D00C5D84D = {
						CreatedOnToolsVersion = 8.3.3;
						DevelopmentTeam = RNR9A42JW9;
						ProvisioningStyle = Automatic;
						TestTargetID = 5D17D77A1F1E6D7D00C5D84D;
					};
					5D17D7991F1E6D7D00C5D84D = {
						CreatedOnToolsVersion = 8.3.3;
						DevelopmentTeam = RNR9A42JW9;
						ProvisioningStyle = Automatic;
						TestTargetID = 5D17D77A1F1E6D7D00C5D84D;
					};
				};
			};
			buildConfigurationList = 5D17D7761F1E6D7D00C5D84D /* Build configuration list for PBXProject "AwesomeBlogs" */;
			compatibilityVersion = "Xcode 3.2";
			developmentRegion = English;
			hasScannedForEncodings = 0;
			knownRegions = (
				en,
				Base,
			);
			mainGroup = 5D17D7721F1E6D7D00C5D84D;
			productRefGroup = 5D17D77C1F1E6D7D00C5D84D /* Products */;
			projectDirPath = "";
			projectRoot = "";
			targets = (
				5D17D77A1F1E6D7D00C5D84D /* AwesomeBlogs */,
				5D17D78E1F1E6D7D00C5D84D /* AwesomeBlogsTests */,
				5D17D7991F1E6D7D00C5D84D /* AwesomeBlogsUITests */,
			);
		};
/* End PBXProject section */

/* Begin PBXResourcesBuildPhase section */
		5D17D7791F1E6D7D00C5D84D /* Resources */ = {
			isa = PBXResourcesBuildPhase;
			buildActionMask = 2147483647;
			files = (
				5D4C3F081F4DD2C3001B35F4 /* to-markdown.js in Resources */,
				5D17D7891F1E6D7D00C5D84D /* LaunchScreen.storyboard in Resources */,
				5D4C3F031F4DA6F7001B35F4 /* MockDevBlogs.json in Resources */,
				5D6FCF3A1F4AB3F1002DCF90 /* Default-568h@2x.png in Resources */,
				5D5D92E41F42D2A10062631B /* BlogFeedCell_Rectangle.xib in Resources */,
				5D17D7861F1E6D7D00C5D84D /* Assets.xcassets in Resources */,
				5D5D92E11F42D2A10062631B /* BlogFeedCell_Diagonal.xib in Resources */,
				5D65EB581F33768400D6E633 /* Feed.storyboard in Resources */,
				5D17D7841F1E6D7D00C5D84D /* Main.storyboard in Resources */,
				5D4AC6041F45F150005B6B20 /* BlogFeedCell_TableCell.xib in Resources */,
				5D5D92E91F42D5EF0062631B /* MockCompanyBlogs.json in Resources */,
				5D5D92E01F42D2A10062631B /* BlogFeedCell_Circle.xib in Resources */,
				5D5D92E21F42D2A10062631B /* BlogFeedCell_Table.xib in Resources */,
			);
			runOnlyForDeploymentPostprocessing = 0;
		};
		5D17D78D1F1E6D7D00C5D84D /* Resources */ = {
			isa = PBXResourcesBuildPhase;
			buildActionMask = 2147483647;
			files = (
			);
			runOnlyForDeploymentPostprocessing = 0;
		};
		5D17D7981F1E6D7D00C5D84D /* Resources */ = {
			isa = PBXResourcesBuildPhase;
			buildActionMask = 2147483647;
			files = (
			);
			runOnlyForDeploymentPostprocessing = 0;
		};
/* End PBXResourcesBuildPhase section */

/* Begin PBXShellScriptBuildPhase section */
		18780BD950288C072A46DBFE /* [CP] Embed Pods Frameworks */ = {
			isa = PBXShellScriptBuildPhase;
			buildActionMask = 2147483647;
			files = (
			);
			inputPaths = (
			);
			name = "[CP] Embed Pods Frameworks";
			outputPaths = (
			);
			runOnlyForDeploymentPostprocessing = 0;
			shellPath = /bin/sh;
			shellScript = "\"${SRCROOT}/Pods/Target Support Files/Pods-AwesomeBlogs-AwesomeBlogsTests/Pods-AwesomeBlogs-AwesomeBlogsTests-frameworks.sh\"\n";
			showEnvVarsInLog = 0;
		};
		38BE5536088F2021AA88528D /* [CP] Copy Pods Resources */ = {
			isa = PBXShellScriptBuildPhase;
			buildActionMask = 2147483647;
			files = (
			);
			inputPaths = (
			);
			name = "[CP] Copy Pods Resources";
			outputPaths = (
			);
			runOnlyForDeploymentPostprocessing = 0;
			shellPath = /bin/sh;
			shellScript = "\"${SRCROOT}/Pods/Target Support Files/Pods-AwesomeBlogs/Pods-AwesomeBlogs-resources.sh\"\n";
			showEnvVarsInLog = 0;
		};
		5841A83F8B52F0BA30501B95 /* [CP] Copy Pods Resources */ = {
			isa = PBXShellScriptBuildPhase;
			buildActionMask = 2147483647;
			files = (
			);
			inputPaths = (
			);
			name = "[CP] Copy Pods Resources";
			outputPaths = (
			);
			runOnlyForDeploymentPostprocessing = 0;
			shellPath = /bin/sh;
			shellScript = "\"${SRCROOT}/Pods/Target Support Files/Pods-AwesomeBlogs-AwesomeBlogsTests/Pods-AwesomeBlogs-AwesomeBlogsTests-resources.sh\"\n";
			showEnvVarsInLog = 0;
		};
		715B31174B25B94DD1CC2679 /* [CP] Check Pods Manifest.lock */ = {
			isa = PBXShellScriptBuildPhase;
			buildActionMask = 2147483647;
			files = (
			);
			inputPaths = (
			);
			name = "[CP] Check Pods Manifest.lock";
			outputPaths = (
			);
			runOnlyForDeploymentPostprocessing = 0;
			shellPath = /bin/sh;
			shellScript = "diff \"${PODS_PODFILE_DIR_PATH}/Podfile.lock\" \"${PODS_ROOT}/Manifest.lock\" > /dev/null\nif [ $? != 0 ] ; then\n    # print error to STDERR\n    echo \"error: The sandbox is not in sync with the Podfile.lock. Run 'pod install' or update your CocoaPods installation.\" >&2\n    exit 1\nfi\n";
			showEnvVarsInLog = 0;
		};
		7B2B9CBC35BF932DCA53CF0B /* [CP] Check Pods Manifest.lock */ = {
			isa = PBXShellScriptBuildPhase;
			buildActionMask = 2147483647;
			files = (
			);
			inputPaths = (
			);
			name = "[CP] Check Pods Manifest.lock";
			outputPaths = (
			);
			runOnlyForDeploymentPostprocessing = 0;
			shellPath = /bin/sh;
			shellScript = "diff \"${PODS_PODFILE_DIR_PATH}/Podfile.lock\" \"${PODS_ROOT}/Manifest.lock\" > /dev/null\nif [ $? != 0 ] ; then\n    # print error to STDERR\n    echo \"error: The sandbox is not in sync with the Podfile.lock. Run 'pod install' or update your CocoaPods installation.\" >&2\n    exit 1\nfi\n";
			showEnvVarsInLog = 0;
		};
		968311645CF7A71D0A36A159 /* [CP] Embed Pods Frameworks */ = {
			isa = PBXShellScriptBuildPhase;
			buildActionMask = 2147483647;
			files = (
			);
			inputPaths = (
			);
			name = "[CP] Embed Pods Frameworks";
			outputPaths = (
			);
			runOnlyForDeploymentPostprocessing = 0;
			shellPath = /bin/sh;
			shellScript = "\"${SRCROOT}/Pods/Target Support Files/Pods-AwesomeBlogs/Pods-AwesomeBlogs-frameworks.sh\"\n";
			showEnvVarsInLog = 0;
		};
		D55554459FD3A2F61D98EEC0 /* [CP] Copy Pods Resources */ = {
			isa = PBXShellScriptBuildPhase;
			buildActionMask = 2147483647;
			files = (
			);
			inputPaths = (
			);
			name = "[CP] Copy Pods Resources";
			outputPaths = (
			);
			runOnlyForDeploymentPostprocessing = 0;
			shellPath = /bin/sh;
			shellScript = "\"${SRCROOT}/Pods/Target Support Files/Pods-AwesomeBlogs-AwesomeBlogsUITests/Pods-AwesomeBlogs-AwesomeBlogsUITests-resources.sh\"\n";
			showEnvVarsInLog = 0;
		};
		DF364B088C03906FB2AF564B /* [CP] Check Pods Manifest.lock */ = {
			isa = PBXShellScriptBuildPhase;
			buildActionMask = 2147483647;
			files = (
			);
			inputPaths = (
			);
			name = "[CP] Check Pods Manifest.lock";
			outputPaths = (
			);
			runOnlyForDeploymentPostprocessing = 0;
			shellPath = /bin/sh;
			shellScript = "diff \"${PODS_PODFILE_DIR_PATH}/Podfile.lock\" \"${PODS_ROOT}/Manifest.lock\" > /dev/null\nif [ $? != 0 ] ; then\n    # print error to STDERR\n    echo \"error: The sandbox is not in sync with the Podfile.lock. Run 'pod install' or update your CocoaPods installation.\" >&2\n    exit 1\nfi\n";
			showEnvVarsInLog = 0;
		};
		E87AE9894029A61CE4EB34AD /* [CP] Embed Pods Frameworks */ = {
			isa = PBXShellScriptBuildPhase;
			buildActionMask = 2147483647;
			files = (
			);
			inputPaths = (
			);
			name = "[CP] Embed Pods Frameworks";
			outputPaths = (
			);
			runOnlyForDeploymentPostprocessing = 0;
			shellPath = /bin/sh;
			shellScript = "\"${SRCROOT}/Pods/Target Support Files/Pods-AwesomeBlogs-AwesomeBlogsUITests/Pods-AwesomeBlogs-AwesomeBlogsUITests-frameworks.sh\"\n";
			showEnvVarsInLog = 0;
		};
/* End PBXShellScriptBuildPhase section */

/* Begin PBXSourcesBuildPhase section */
		5D17D7771F1E6D7D00C5D84D /* Sources */ = {
			isa = PBXSourcesBuildPhase;
			buildActionMask = 2147483647;
			files = (
				5D5D92F21F435C5D0062631B /* NSLayoutConstraint.swift in Sources */,
				5D6F897E1F52DE9300F4D491 /* Feed.swift in Sources */,
				5D6F89781F52CB6C00F4D491 /* FileManager+Extension.swift in Sources */,
				5DAB85A71F1FA8F30082D5E1 /* MainSideMenuController.swift in Sources */,
				5D5D92EB1F42D6910062631B /* Bundle+Extension.swift in Sources */,
				5D1B1CC81F47C48900EA6ED7 /* BlogFeedCell_Rectangle.swift in Sources */,
				5D853A9E1F49DDC400A6732A /* RxTableViewCustomReloadDataSource.swift in Sources */,
				5D6111F61F2E47A300D7F61C /* Service.swift in Sources */,
				5D25947C1F3A086600C49CE2 /* RxTableViewBindProtocol.swift in Sources */,
				5DAB85A31F1FA8F30082D5E1 /* UIView+Extension.swift in Sources */,
				5D1FF4461F264684009C863B /* MaterialLoadingIndicator.swift in Sources */,
				5D5D92ED1F42D75A0062631B /* String+Extension.swift in Sources */,
				5D6F89841F52E5EA00F4D491 /* AwsomeBlogsLocalSource.swift in Sources */,
				5D5D92E31F42D2A10062631B /* BlogFeedCell.swift in Sources */,
				5D4AC6021F45EBBC005B6B20 /* BlogFeedCellViewModel.swift in Sources */,
				5D1FF4541F2659AE009C863B /* BlogsFeedReactor.swift in Sources */,
				5D1FF4501F264903009C863B /* UIColor+Extension.swift in Sources */,
				5D0BBAC61F4EE30D0062A829 /* Delay.swift in Sources */,
				5D6FCF581F4C8F94002DCF90 /* BlogViewController.swift in Sources */,
				5DAB85A61F1FA8F30082D5E1 /* AwesomeBlogsRemoteSource.swift in Sources */,
				5D2594821F3A1E0A00C49CE2 /* RxFeedTableViewBindProtocol.swift in Sources */,
				5D6F89861F52E60200F4D491 /* AwsomeBlogs.swift in Sources */,
				5D17D77F1F1E6D7D00C5D84D /* AppDelegate.swift in Sources */,
				5D6F89761F52C66300F4D491 /* Realm+Extension.swift in Sources */,
				5DAB859F1F1FA8F30082D5E1 /* BaseView.swift in Sources */,
				5DAB85A41F1FA8F30082D5E1 /* Entry.swift in Sources */,
				5D3927141F45FB4900BE7923 /* BlogFeedCell_Diagonal.swift in Sources */,
				5D6FCF541F4B424C002DCF90 /* LeftSideMenuViewController.swift in Sources */,
				5D3927121F45FB3000BE7923 /* BlogFeedCell_Circle.swift in Sources */,
				5DAB85A01F1FA8F30082D5E1 /* BaseViewController.swift in Sources */,
				5D65EB5B1F33796F00D6E633 /* BaseNavigationViewController.swift in Sources */,
				5D4AC2F31F531451005432DE /* GlobalEvent.swift in Sources */,
				5D1B1CCA1F49A93000EA6ED7 /* Date+Extension.swift in Sources */,
				5D6F89801F52DE9D00F4D491 /* EntryDB.swift in Sources */,
				5D6F897A1F52D97A00F4D491 /* RealmAPI.swift in Sources */,
				5D3927161F45FB7000BE7923 /* BlogFeedCell_Table.swift in Sources */,
				5D853A9B1F49D99300A6732A /* UIStoryboard+Extension.swift in Sources */,
				5DAB85A21F1FA8F30082D5E1 /* Reactive+Extension.swift in Sources */,
				5D6111F81F2E481A00D7F61C /* RxMoya+Extension.swift in Sources */,
				5DAB85A51F1FA8F30082D5E1 /* Api.swift in Sources */,
				5D853AA01F49E4A600A6732A /* MainSideMenuReactor.swift in Sources */,
				5D65EB561F33763900D6E633 /* BaseBlogFeedViewController.swift in Sources */,
				5DAB85A11F1FA8F30082D5E1 /* ObjectMapper+Extension.swift in Sources */,
				5D2594741F39F6DD00C49CE2 /* HaveReactor.swift in Sources */,
			);
			runOnlyForDeploymentPostprocessing = 0;
		};
		5D17D78B1F1E6D7D00C5D84D /* Sources */ = {
			isa = PBXSourcesBuildPhase;
			buildActionMask = 2147483647;
			files = (
				5D1FF4521F2651EC009C863B /* BlogsFeedReactorSpec.swift in Sources */,
				5D65EB201F32293900D6E633 /* Quick+Extension.swift in Sources */,
				5D6FCF3C1F4ABF8D002DCF90 /* MainSideMenuReactorSpec.swift in Sources */,
				5D17D7941F1E6D7D00C5D84D /* AwesomeBlogsApiSpec.swift in Sources */,
				5D6F89741F52C48100F4D491 /* AwesomeBlogsCacheSpec.swift in Sources */,
			);
			runOnlyForDeploymentPostprocessing = 0;
		};
		5D17D7961F1E6D7D00C5D84D /* Sources */ = {
			isa = PBXSourcesBuildPhase;
			buildActionMask = 2147483647;
			files = (
				5D17D79F1F1E6D7D00C5D84D /* AwesomeBlogsUITests.swift in Sources */,
			);
			runOnlyForDeploymentPostprocessing = 0;
		};
/* End PBXSourcesBuildPhase section */

/* Begin PBXTargetDependency section */
		5D17D7911F1E6D7D00C5D84D /* PBXTargetDependency */ = {
			isa = PBXTargetDependency;
			target = 5D17D77A1F1E6D7D00C5D84D /* AwesomeBlogs */;
			targetProxy = 5D17D7901F1E6D7D00C5D84D /* PBXContainerItemProxy */;
		};
		5D17D79C1F1E6D7D00C5D84D /* PBXTargetDependency */ = {
			isa = PBXTargetDependency;
			target = 5D17D77A1F1E6D7D00C5D84D /* AwesomeBlogs */;
			targetProxy = 5D17D79B1F1E6D7D00C5D84D /* PBXContainerItemProxy */;
		};
/* End PBXTargetDependency section */

/* Begin PBXVariantGroup section */
		5D17D7821F1E6D7D00C5D84D /* Main.storyboard */ = {
			isa = PBXVariantGroup;
			children = (
				5D17D7831F1E6D7D00C5D84D /* Base */,
			);
			name = Main.storyboard;
			path = ../..;
			sourceTree = "<group>";
		};
		5D17D7871F1E6D7D00C5D84D /* LaunchScreen.storyboard */ = {
			isa = PBXVariantGroup;
			children = (
				5D17D7881F1E6D7D00C5D84D /* Base */,
			);
			name = LaunchScreen.storyboard;
			sourceTree = "<group>";
		};
/* End PBXVariantGroup section */

/* Begin XCBuildConfiguration section */
		5D17D7A11F1E6D7D00C5D84D /* Debug */ = {
			isa = XCBuildConfiguration;
			buildSettings = {
				ALWAYS_SEARCH_USER_PATHS = NO;
				CLANG_ANALYZER_NONNULL = YES;
				CLANG_ANALYZER_NUMBER_OBJECT_CONVERSION = YES_AGGRESSIVE;
				CLANG_CXX_LANGUAGE_STANDARD = "gnu++0x";
				CLANG_CXX_LIBRARY = "libc++";
				CLANG_ENABLE_MODULES = YES;
				CLANG_ENABLE_OBJC_ARC = YES;
				CLANG_WARN_BOOL_CONVERSION = YES;
				CLANG_WARN_CONSTANT_CONVERSION = YES;
				CLANG_WARN_DIRECT_OBJC_ISA_USAGE = YES_ERROR;
				CLANG_WARN_DOCUMENTATION_COMMENTS = YES;
				CLANG_WARN_EMPTY_BODY = YES;
				CLANG_WARN_ENUM_CONVERSION = YES;
				CLANG_WARN_INFINITE_RECURSION = YES;
				CLANG_WARN_INT_CONVERSION = YES;
				CLANG_WARN_OBJC_ROOT_CLASS = YES_ERROR;
				CLANG_WARN_SUSPICIOUS_MOVE = YES;
				CLANG_WARN_UNREACHABLE_CODE = YES;
				CLANG_WARN__DUPLICATE_METHOD_MATCH = YES;
				"CODE_SIGN_IDENTITY[sdk=iphoneos*]" = "iPhone Developer";
				COPY_PHASE_STRIP = NO;
				DEBUG_INFORMATION_FORMAT = dwarf;
				ENABLE_STRICT_OBJC_MSGSEND = YES;
				ENABLE_TESTABILITY = YES;
				GCC_C_LANGUAGE_STANDARD = gnu99;
				GCC_DYNAMIC_NO_PIC = NO;
				GCC_NO_COMMON_BLOCKS = YES;
				GCC_OPTIMIZATION_LEVEL = 0;
				GCC_PREPROCESSOR_DEFINITIONS = (
					"DEBUG=1",
					"$(inherited)",
				);
				GCC_WARN_64_TO_32_BIT_CONVERSION = YES;
				GCC_WARN_ABOUT_RETURN_TYPE = YES_ERROR;
				GCC_WARN_UNDECLARED_SELECTOR = YES;
				GCC_WARN_UNINITIALIZED_AUTOS = YES_AGGRESSIVE;
				GCC_WARN_UNUSED_FUNCTION = YES;
				GCC_WARN_UNUSED_VARIABLE = YES;
				IPHONEOS_DEPLOYMENT_TARGET = 10.3;
				MTL_ENABLE_DEBUG_INFO = YES;
				ONLY_ACTIVE_ARCH = YES;
				SDKROOT = iphoneos;
				SWIFT_ACTIVE_COMPILATION_CONDITIONS = DEBUG;
				SWIFT_OPTIMIZATION_LEVEL = "-Onone";
			};
			name = Debug;
		};
		5D17D7A21F1E6D7D00C5D84D /* Release */ = {
			isa = XCBuildConfiguration;
			buildSettings = {
				ALWAYS_SEARCH_USER_PATHS = NO;
				CLANG_ANALYZER_NONNULL = YES;
				CLANG_ANALYZER_NUMBER_OBJECT_CONVERSION = YES_AGGRESSIVE;
				CLANG_CXX_LANGUAGE_STANDARD = "gnu++0x";
				CLANG_CXX_LIBRARY = "libc++";
				CLANG_ENABLE_MODULES = YES;
				CLANG_ENABLE_OBJC_ARC = YES;
				CLANG_WARN_BOOL_CONVERSION = YES;
				CLANG_WARN_CONSTANT_CONVERSION = YES;
				CLANG_WARN_DIRECT_OBJC_ISA_USAGE = YES_ERROR;
				CLANG_WARN_DOCUMENTATION_COMMENTS = YES;
				CLANG_WARN_EMPTY_BODY = YES;
				CLANG_WARN_ENUM_CONVERSION = YES;
				CLANG_WARN_INFINITE_RECURSION = YES;
				CLANG_WARN_INT_CONVERSION = YES;
				CLANG_WARN_OBJC_ROOT_CLASS = YES_ERROR;
				CLANG_WARN_SUSPICIOUS_MOVE = YES;
				CLANG_WARN_UNREACHABLE_CODE = YES;
				CLANG_WARN__DUPLICATE_METHOD_MATCH = YES;
				"CODE_SIGN_IDENTITY[sdk=iphoneos*]" = "iPhone Developer";
				COPY_PHASE_STRIP = NO;
				DEBUG_INFORMATION_FORMAT = "dwarf-with-dsym";
				ENABLE_NS_ASSERTIONS = NO;
				ENABLE_STRICT_OBJC_MSGSEND = YES;
				GCC_C_LANGUAGE_STANDARD = gnu99;
				GCC_NO_COMMON_BLOCKS = YES;
				GCC_WARN_64_TO_32_BIT_CONVERSION = YES;
				GCC_WARN_ABOUT_RETURN_TYPE = YES_ERROR;
				GCC_WARN_UNDECLARED_SELECTOR = YES;
				GCC_WARN_UNINITIALIZED_AUTOS = YES_AGGRESSIVE;
				GCC_WARN_UNUSED_FUNCTION = YES;
				GCC_WARN_UNUSED_VARIABLE = YES;
				IPHONEOS_DEPLOYMENT_TARGET = 10.3;
				MTL_ENABLE_DEBUG_INFO = NO;
				SDKROOT = iphoneos;
				SWIFT_OPTIMIZATION_LEVEL = "-Owholemodule";
				VALIDATE_PRODUCT = YES;
			};
			name = Release;
		};
		5D17D7A41F1E6D7D00C5D84D /* Debug */ = {
			isa = XCBuildConfiguration;
			baseConfigurationReference = 3EE23852C26AF0BC54E28F4F /* Pods-AwesomeBlogs.debug.xcconfig */;
			buildSettings = {
				ASSETCATALOG_COMPILER_APPICON_NAME = AppIcon;
				DEVELOPMENT_TEAM = RNR9A42JW9;
				INFOPLIST_FILE = AwesomeBlogs/Info.plist;
				LD_RUNPATH_SEARCH_PATHS = "$(inherited) @executable_path/Frameworks";
				PRODUCT_BUNDLE_IDENTIFIER = wade.AwesomeBlogs;
				PRODUCT_NAME = "$(TARGET_NAME)";
				SWIFT_VERSION = 3.0;
			};
			name = Debug;
		};
		5D17D7A51F1E6D7D00C5D84D /* Release */ = {
			isa = XCBuildConfiguration;
			baseConfigurationReference = 3464DA3AEA4EF1837196AEED /* Pods-AwesomeBlogs.release.xcconfig */;
			buildSettings = {
				ASSETCATALOG_COMPILER_APPICON_NAME = AppIcon;
				DEVELOPMENT_TEAM = RNR9A42JW9;
				INFOPLIST_FILE = AwesomeBlogs/Info.plist;
				LD_RUNPATH_SEARCH_PATHS = "$(inherited) @executable_path/Frameworks";
				PRODUCT_BUNDLE_IDENTIFIER = wade.AwesomeBlogs;
				PRODUCT_NAME = "$(TARGET_NAME)";
				SWIFT_VERSION = 3.0;
			};
			name = Release;
		};
		5D17D7A71F1E6D7D00C5D84D /* Debug */ = {
			isa = XCBuildConfiguration;
			baseConfigurationReference = 0E4B2A147B07D04AF0B3D094 /* Pods-AwesomeBlogs-AwesomeBlogsTests.debug.xcconfig */;
			buildSettings = {
				BUNDLE_LOADER = "$(TEST_HOST)";
				DEVELOPMENT_TEAM = RNR9A42JW9;
				INFOPLIST_FILE = AwesomeBlogsTests/Info.plist;
				LD_RUNPATH_SEARCH_PATHS = "$(inherited) @executable_path/Frameworks @loader_path/Frameworks";
				PRODUCT_BUNDLE_IDENTIFIER = wade.AwesomeBlogsTests;
				PRODUCT_NAME = "$(TARGET_NAME)";
				SWIFT_VERSION = 3.0;
				TEST_HOST = "$(BUILT_PRODUCTS_DIR)/AwesomeBlogs.app/AwesomeBlogs";
			};
			name = Debug;
		};
		5D17D7A81F1E6D7D00C5D84D /* Release */ = {
			isa = XCBuildConfiguration;
			baseConfigurationReference = 05CE504D36870A578330A470 /* Pods-AwesomeBlogs-AwesomeBlogsTests.release.xcconfig */;
			buildSettings = {
				BUNDLE_LOADER = "$(TEST_HOST)";
				DEVELOPMENT_TEAM = RNR9A42JW9;
				INFOPLIST_FILE = AwesomeBlogsTests/Info.plist;
				LD_RUNPATH_SEARCH_PATHS = "$(inherited) @executable_path/Frameworks @loader_path/Frameworks";
				PRODUCT_BUNDLE_IDENTIFIER = wade.AwesomeBlogsTests;
				PRODUCT_NAME = "$(TARGET_NAME)";
				SWIFT_VERSION = 3.0;
				TEST_HOST = "$(BUILT_PRODUCTS_DIR)/AwesomeBlogs.app/AwesomeBlogs";
			};
			name = Release;
		};
		5D17D7AA1F1E6D7D00C5D84D /* Debug */ = {
			isa = XCBuildConfiguration;
			baseConfigurationReference = 5BD9E3A8878B67A0F297A61F /* Pods-AwesomeBlogs-AwesomeBlogsUITests.debug.xcconfig */;
			buildSettings = {
				DEVELOPMENT_TEAM = RNR9A42JW9;
				INFOPLIST_FILE = AwesomeBlogsUITests/Info.plist;
				LD_RUNPATH_SEARCH_PATHS = "$(inherited) @executable_path/Frameworks @loader_path/Frameworks";
				PRODUCT_BUNDLE_IDENTIFIER = wade.AwesomeBlogsUITests;
				PRODUCT_NAME = "$(TARGET_NAME)";
				SWIFT_VERSION = 3.0;
				TEST_TARGET_NAME = AwesomeBlogs;
			};
			name = Debug;
		};
		5D17D7AB1F1E6D7D00C5D84D /* Release */ = {
			isa = XCBuildConfiguration;
			baseConfigurationReference = 5AC956652742F80EAA5993F0 /* Pods-AwesomeBlogs-AwesomeBlogsUITests.release.xcconfig */;
			buildSettings = {
				DEVELOPMENT_TEAM = RNR9A42JW9;
				INFOPLIST_FILE = AwesomeBlogsUITests/Info.plist;
				LD_RUNPATH_SEARCH_PATHS = "$(inherited) @executable_path/Frameworks @loader_path/Frameworks";
				PRODUCT_BUNDLE_IDENTIFIER = wade.AwesomeBlogsUITests;
				PRODUCT_NAME = "$(TARGET_NAME)";
				SWIFT_VERSION = 3.0;
				TEST_TARGET_NAME = AwesomeBlogs;
			};
			name = Release;
		};
/* End XCBuildConfiguration section */

/* Begin XCConfigurationList section */
		5D17D7761F1E6D7D00C5D84D /* Build configuration list for PBXProject "AwesomeBlogs" */ = {
			isa = XCConfigurationList;
			buildConfigurations = (
				5D17D7A11F1E6D7D00C5D84D /* Debug */,
				5D17D7A21F1E6D7D00C5D84D /* Release */,
			);
			defaultConfigurationIsVisible = 0;
			defaultConfigurationName = Release;
		};
		5D17D7A31F1E6D7D00C5D84D /* Build configuration list for PBXNativeTarget "AwesomeBlogs" */ = {
			isa = XCConfigurationList;
			buildConfigurations = (
				5D17D7A41F1E6D7D00C5D84D /* Debug */,
				5D17D7A51F1E6D7D00C5D84D /* Release */,
			);
			defaultConfigurationIsVisible = 0;
			defaultConfigurationName = Release;
		};
		5D17D7A61F1E6D7D00C5D84D /* Build configuration list for PBXNativeTarget "AwesomeBlogsTests" */ = {
			isa = XCConfigurationList;
			buildConfigurations = (
				5D17D7A71F1E6D7D00C5D84D /* Debug */,
				5D17D7A81F1E6D7D00C5D84D /* Release */,
			);
			defaultConfigurationIsVisible = 0;
			defaultConfigurationName = Release;
		};
		5D17D7A91F1E6D7D00C5D84D /* Build configuration list for PBXNativeTarget "AwesomeBlogsUITests" */ = {
			isa = XCConfigurationList;
			buildConfigurations = (
				5D17D7AA1F1E6D7D00C5D84D /* Debug */,
				5D17D7AB1F1E6D7D00C5D84D /* Release */,
			);
			defaultConfigurationIsVisible = 0;
			defaultConfigurationName = Release;
		};
/* End XCConfigurationList section */
	};
	rootObject = 5D17D7731F1E6D7D00C5D84D /* Project object */;
}
